{
  "name": "sample",
  "version": "0.1.0",
  "lockfileVersion": 1,
  "requires": true,
  "dependencies": {
    "apollo-client": {
      "version": "1.4.2",
      "resolved": "https://registry.npmjs.org/apollo-client/-/apollo-client-1.4.2.tgz",
      "integrity": "sha1-PUnRmu+guvkO3uVAGjWOQzpuYk8="
    },
    "babel-es6-polyfill": {
      "version": "1.1.0",
      "resolved": "https://registry.npmjs.org/babel-es6-polyfill/-/babel-es6-polyfill-1.1.0.tgz",
      "integrity": "sha1-zZV/ltkecx26K83C5OziO6UdxN0="
    },
    "babel-eslint": {
      "version": "7.2.3",
      "resolved": "https://registry.npmjs.org/babel-eslint/-/babel-eslint-7.2.3.tgz",
      "integrity": "sha1-sv4tgBJkcPXBlELcdXJTqJdxCCc=",
      "dev": true
    },
    "babel-polyfill": {
      "version": "6.23.0",
      "resolved": "https://registry.npmjs.org/babel-polyfill/-/babel-polyfill-6.23.0.tgz",
      "integrity": "sha1-g2TKYt+Or7gwSZ9pkXdGbDsDSZ0=",
      "dependencies": {
        "core-js": {
          "version": "https://registry.npmjs.org/core-js/-/core-js-2.4.1.tgz",
          "integrity": "sha1-TekR5mew6ukSTjQlS1OupvxhjT4="
        }
      }
    },
    "eslint": {
      "version": "3.19.0",
      "resolved": "https://registry.npmjs.org/eslint/-/eslint-3.19.0.tgz",
      "integrity": "sha1-yPxiAcf0DdCJQbh8CFdnOGpnmsw=",
      "dev": true,
      "dependencies": {
        "glob": {
          "version": "https://registry.npmjs.org/glob/-/glob-7.1.2.tgz",
          "integrity": "sha1-wZyd+aAocC1nhhI4SmVSQExjbRU="
        }
      }
    },
    "eslint-config-react-app": {
      "version": "0.6.2",
      "resolved": "https://registry.npmjs.org/eslint-config-react-app/-/eslint-config-react-app-0.6.2.tgz",
      "integrity": "sha1-7lNcuq+eNXbqFrma/nIDU9hzDsA=",
      "dev": true
    },
    "eslint-plugin-flowtype": {
      "version": "2.34.0",
      "resolved": "https://registry.npmjs.org/eslint-plugin-flowtype/-/eslint-plugin-flowtype-2.34.0.tgz",
      "integrity": "sha1-uYdfMUZS5QgWI8nSsYo0a7t1nAk=",
      "dev": true
    },
    "eslint-plugin-import": {
      "version": "2.3.0",
      "resolved": "https://registry.npmjs.org/eslint-plugin-import/-/eslint-plugin-import-2.3.0.tgz",
      "integrity": "sha1-N8gB4K2g4pbL3yDD85OstbUq82s=",
      "dev": true,
      "dependencies": {
        "doctrine": {
          "version": "https://registry.npmjs.org/doctrine/-/doctrine-1.5.0.tgz",
          "integrity": "sha1-N53Ocw9hZvds76TmcHoVmwLFpvo="
        },
        "isarray": {
          "version": "https://registry.npmjs.org/isarray/-/isarray-1.0.0.tgz",
          "integrity": "sha1-u5NdSFgsuhaMBoNJV6VKPgcSTxE="
        }
      }
    },
    "eslint-plugin-jsx-a11y": {
      "version": "4.0.0",
      "resolved": "https://registry.npmjs.org/eslint-plugin-jsx-a11y/-/eslint-plugin-jsx-a11y-4.0.0.tgz",
      "integrity": "sha1-d5uw/nsI2lZKQiYkkR3hAGHgSO4=",
      "dev": true
    },
    "eslint-plugin-react": {
      "version": "6.10.3",
      "resolved": "https://registry.npmjs.org/eslint-plugin-react/-/eslint-plugin-react-6.10.3.tgz",
      "integrity": "sha1-xUNb6wZ3ThLH2y9qut3L+QDNP3g=",
      "dev": true,
      "dependencies": {
        "doctrine": {
          "version": "https://registry.npmjs.org/doctrine/-/doctrine-1.5.0.tgz",
          "integrity": "sha1-N53Ocw9hZvds76TmcHoVmwLFpvo="
        },
        "isarray": {
          "version": "https://registry.npmjs.org/isarray/-/isarray-1.0.0.tgz",
          "integrity": "sha1-u5NdSFgsuhaMBoNJV6VKPgcSTxE="
        }
      }
    },
    "font-awesome": {
      "version": "4.7.0",
      "resolved": "https://registry.npmjs.org/font-awesome/-/font-awesome-4.7.0.tgz",
      "integrity": "sha1-j6jPBBGhoxr9B7BtKQK7n8gVoTM="
    },
    "graphql-tag": {
      "version": "2.4.0",
      "resolved": "https://registry.npmjs.org/graphql-tag/-/graphql-tag-2.4.0.tgz",
      "integrity": "sha1-D+E3NI1Nsu+vKbUrpMHL+ErBOMs="
    },
    "husky": {
      "version": "0.13.4",
      "resolved": "https://registry.npmjs.org/husky/-/husky-0.13.4.tgz",
      "integrity": "sha1-SHhcUCjeNFKlHEjBLE+UshJKFAc=",
      "dev": true
    },
    "immutable": {
      "version": "3.8.1",
      "resolved": "https://registry.npmjs.org/immutable/-/immutable-3.8.1.tgz",
      "integrity": "sha1-IAgH8Rqw9ycQ6khVQt4IgHX2jNI="
    },
    "jquery": {
      "version": "3.2.1",
      "resolved": "https://registry.npmjs.org/jquery/-/jquery-3.2.1.tgz",
      "integrity": "sha1-XE2d5lKvbNCncBVKYxu6ErAVx4c="
    },
    "malihu-custom-scrollbar-plugin": {
      "version": "3.1.5",
      "resolved": "https://registry.npmjs.org/malihu-custom-scrollbar-plugin/-/malihu-custom-scrollbar-plugin-3.1.5.tgz",
      "integrity": "sha1-MQzsxeWUFaHCnp37XStuAdZqKe8="
    },
    "node-plop": {
      "version": "0.5.5",
      "resolved": "https://registry.npmjs.org/node-plop/-/node-plop-0.5.5.tgz",
      "integrity": "sha1-5F0i+dUifHzfNIgXMaxT7R7ZKOc=",
      "dev": true,
      "dependencies": {
        "colors": {
          "version": "https://registry.npmjs.org/colors/-/colors-1.1.2.tgz",
          "integrity": "sha1-FopHAXVran9RoSzgyXv6KMCE7WM="
        },
        "core-js": {
          "version": "https://registry.npmjs.org/core-js/-/core-js-2.4.1.tgz",
          "integrity": "sha1-TekR5mew6ukSTjQlS1OupvxhjT4="
        },
        "inquirer": {
          "version": "https://registry.npmjs.org/inquirer/-/inquirer-1.2.3.tgz",
          "integrity": "sha1-TexvMvN+97sLLtPx0aXD9UUHSRg="
        },
        "mute-stream": {
          "version": "https://registry.npmjs.org/mute-stream/-/mute-stream-0.0.6.tgz",
          "integrity": "sha1-SJYrGeFp/R38JAs/HnMXYnu8R9s="
        },
        "run-async": {
          "version": "https://registry.npmjs.org/run-async/-/run-async-2.3.0.tgz",
          "integrity": "sha1-A3GrSuC91yDUFm19/aZP96RFpsA="
        }
      }
    },
    "plop": {
      "version": "1.8.0",
      "resolved": "https://registry.npmjs.org/plop/-/plop-1.8.0.tgz",
      "integrity": "sha1-ZlxlD+tRB9ghOHwFSbH5fpr4w9o=",
      "dev": true,
      "dependencies": {
        "colors": {
          "version": "https://registry.npmjs.org/colors/-/colors-1.1.2.tgz",
          "integrity": "sha1-FopHAXVran9RoSzgyXv6KMCE7WM="
        },
        "core-js": {
          "version": "https://registry.npmjs.org/core-js/-/core-js-2.4.1.tgz",
          "integrity": "sha1-TekR5mew6ukSTjQlS1OupvxhjT4="
        },
        "glob": {
          "version": "https://registry.npmjs.org/glob/-/glob-7.1.2.tgz",
          "integrity": "sha1-wZyd+aAocC1nhhI4SmVSQExjbRU="
        },
        "globby": {
          "version": "https://registry.npmjs.org/globby/-/globby-6.1.0.tgz",
          "integrity": "sha1-9abXDoOV4hyFj7BInWTfAkJNUGw="
        },
        "inquirer": {
          "version": "https://registry.npmjs.org/inquirer/-/inquirer-1.2.3.tgz",
          "integrity": "sha1-TexvMvN+97sLLtPx0aXD9UUHSRg="
        },
        "minimist": {
          "version": "https://registry.npmjs.org/minimist/-/minimist-1.2.0.tgz",
          "integrity": "sha1-o1AIsg9BOD7sH7kU9M1d95omQoQ="
        },
        "mute-stream": {
          "version": "https://registry.npmjs.org/mute-stream/-/mute-stream-0.0.6.tgz",
          "integrity": "sha1-SJYrGeFp/R38JAs/HnMXYnu8R9s="
        },
        "node-plop": {
          "version": "https://registry.npmjs.org/node-plop/-/node-plop-0.7.0.tgz",
          "integrity": "sha1-1KYFRToMS2eR+evXwB9A6r3qyk8="
        },
        "run-async": {
          "version": "https://registry.npmjs.org/run-async/-/run-async-2.3.0.tgz",
          "integrity": "sha1-A3GrSuC91yDUFm19/aZP96RFpsA="
        }
      }
    },
    "prop-types": {
      "version": "15.5.10",
      "resolved": "https://registry.npmjs.org/prop-types/-/prop-types-15.5.10.tgz",
      "integrity": "sha1-J5ffwxJhguOpXj37suiT3ddFYVQ="
    },
    "react": {
      "version": "15.6.1",
      "resolved": "https://registry.npmjs.org/react/-/react-15.6.1.tgz",
      "integrity": "sha1-uqhDTsZ4C96ZfNw4C3nNM7ljk98="
    },
    "react-addons-css-transition-group": {
      "version": "15.6.0",
      "resolved": "https://registry.npmjs.org/react-addons-css-transition-group/-/react-addons-css-transition-group-15.6.0.tgz",
      "integrity": "sha1-aYh89uSHTSXNZuIqaZ4p8NZIq6A="
    },
    "react-addons-transition-group": {
      "version": "15.6.0",
      "resolved": "https://registry.npmjs.org/react-addons-transition-group/-/react-addons-transition-group-15.6.0.tgz",
      "integrity": "sha1-DyILn5WX2zqAqI29b+gF/GRM4hw="
    },
    "react-apollo": {
      "version": "1.4.2",
      "resolved": "https://registry.npmjs.org/react-apollo/-/react-apollo-1.4.2.tgz",
      "integrity": "sha1-6O4DUxC1ZP0bQu5+TxFghrWwaDQ="
    },
    "react-datepicker": {
      "version": "0.46.0",
      "resolved": "https://registry.npmjs.org/react-datepicker/-/react-datepicker-0.46.0.tgz",
      "integrity": "sha1-3QxY796ZMZZKJIhU4HMVE3T8k38="
    },
    "react-dom": {
      "version": "15.6.1",
      "resolved": "https://registry.npmjs.org/react-dom/-/react-dom-15.6.1.tgz",
      "integrity": "sha1-LLDtQZEDjlPCCes6eaI+Kkz5lHA="
    },
    "react-dropzone-component": {
      "version": "2.0.0",
      "resolved": "https://registry.npmjs.org/react-dropzone-component/-/react-dropzone-component-2.0.0.tgz",
      "integrity": "sha1-Nc0BH1JcnKYg/LZH55cl7qobWlg="
    },
    "react-notification-system": {
      "version": "0.2.14",
      "resolved": "https://registry.npmjs.org/react-notification-system/-/react-notification-system-0.2.14.tgz",
      "integrity": "sha1-IfkX85/u4UVRaGQ1CHUEFDPE1cA="
    },
    "react-paginate": {
      "version": "4.4.3",
      "resolved": "https://registry.npmjs.org/react-paginate/-/react-paginate-4.4.3.tgz",
      "integrity": "sha1-EYF+zmKPpZxUot95aMhU7WS5kHc="
    },
    "react-redux": {
      "version": "5.0.5",
      "resolved": "https://registry.npmjs.org/react-redux/-/react-redux-5.0.5.tgz",
      "integrity": "sha1-+OjHsjlCJXblLWt9sGQ5RpvphGo="
    },
    "react-redux-modal": {
      "version": "0.5.2",
      "resolved": "https://registry.npmjs.org/react-redux-modal/-/react-redux-modal-0.5.2.tgz",
      "integrity": "sha1-B+KgAqDbBhUYIBiQZ8SuOcei+kA="
    },
    "react-router": {
      "version": "3.0.4",
      "resolved": "https://registry.npmjs.org/react-router/-/react-router-3.0.4.tgz",
      "integrity": "sha1-Jc4KUNwHvG666r/ZAsrVBk2hDyI="
    },
    "react-router-dom": {
      "version": "4.1.1",
      "resolved": "https://registry.npmjs.org/react-router-dom/-/react-router-dom-4.1.1.tgz",
      "integrity": "sha1-MCGt4fLBYK+Xz5TiVZTF8pRYMCU=",
      "dependencies": {
        "history": {
          "version": "https://registry.npmjs.org/history/-/history-4.6.2.tgz",
          "integrity": "sha1-cW6GPh2g6XoCju1tpkQGHdHh7R0="
        },
        "react-router": {
          "version": "https://registry.npmjs.org/react-router/-/react-router-4.1.1.tgz",
          "integrity": "sha1-1Ejzt8G0Kab7sDOVCZlJxgax/pU="
        }
      }
    },
    "react-router-redux": {
      "version": "4.0.8",
      "resolved": "https://registry.npmjs.org/react-router-redux/-/react-router-redux-4.0.8.tgz",
      "integrity": "sha1-InQDWWtRUeGCN32rg1tdRfD4BU4="
    },
    "react-scripts": {
      "version": "0.9.5",
      "resolved": "https://registry.npmjs.org/react-scripts/-/react-scripts-0.9.5.tgz",
      "integrity": "sha1-6fBchCficTFmKpudepeG0f8Wuz8=",
      "dev": true,
      "dependencies": {
        "babel-eslint": {
          "version": "https://registry.npmjs.org/babel-eslint/-/babel-eslint-7.1.1.tgz",
          "integrity": "sha1-imqITwhapwYK9pz8dzQcL5k3D7I="
        },
        "doctrine": {
          "version": "https://registry.npmjs.org/doctrine/-/doctrine-1.5.0.tgz",
          "integrity": "sha1-N53Ocw9hZvds76TmcHoVmwLFpvo="
        },
        "eslint": {
          "version": "https://registry.npmjs.org/eslint/-/eslint-3.16.1.tgz",
          "integrity": "sha1-m8MfxzQWks93LoBgdQj2fXEcVgk="
        },
        "eslint-module-utils": {
          "version": "https://registry.npmjs.org/eslint-module-utils/-/eslint-module-utils-1.0.0.tgz",
          "integrity": "sha1-xKV/06U+/YQmzC1VUKraubvQX9A=",
          "dependencies": {
            "debug": {
              "version": "https://registry.npmjs.org/debug/-/debug-2.2.0.tgz",
              "integrity": "sha1-+HBX6ZWxofauaklgZkE3vFbwOdo="
            }
          }
        },
        "eslint-plugin-flowtype": {
          "version": "https://registry.npmjs.org/eslint-plugin-flowtype/-/eslint-plugin-flowtype-2.21.0.tgz",
          "integrity": "sha1-pH6Fq83RgdN6M2BUvVUhSa44fZw="
        },
        "eslint-plugin-import": {
          "version": "https://registry.npmjs.org/eslint-plugin-import/-/eslint-plugin-import-2.0.1.tgz",
          "integrity": "sha1-3P6WNX1Haz+CJXDULCm+xm9dnFw=",
          "dependencies": {
            "doctrine": {
              "version": "https://registry.npmjs.org/doctrine/-/doctrine-1.3.0.tgz",
              "integrity": "sha1-E+dWgrVVGEJCdvfBc3g0Vu+RPSY="
            }
          }
        },
        "eslint-plugin-react": {
          "version": "https://registry.npmjs.org/eslint-plugin-react/-/eslint-plugin-react-6.4.1.tgz",
          "integrity": "sha1-fRqt50fbFYkvce7h/qSt35e8+is="
        },
        "glob": {
          "version": "https://registry.npmjs.org/glob/-/glob-7.1.2.tgz",
          "integrity": "sha1-wZyd+aAocC1nhhI4SmVSQExjbRU="
        },
        "isarray": {
          "version": "https://registry.npmjs.org/isarray/-/isarray-1.0.0.tgz",
          "integrity": "sha1-u5NdSFgsuhaMBoNJV6VKPgcSTxE="
        },
        "ms": {
          "version": "https://registry.npmjs.org/ms/-/ms-0.7.1.tgz",
          "integrity": "sha1-nNE8A62/8ltl7/3nzoZO6VIBcJg="
        },
        "promise": {
          "version": "https://registry.npmjs.org/promise/-/promise-7.1.1.tgz",
          "integrity": "sha1-SJZUxpJha4qlWwck+oCbt9tJxb8="
        },
        "whatwg-fetch": {
          "version": "https://registry.npmjs.org/whatwg-fetch/-/whatwg-fetch-2.0.2.tgz",
          "integrity": "sha1-/ilNHYnjbFvosxlQV/LkvHT8mA4="
        }
      }
    },
    "react-scrollbar-js": {
      "version": "1.0.1",
      "resolved": "https://registry.npmjs.org/react-scrollbar-js/-/react-scrollbar-js-1.0.1.tgz",
      "integrity": "sha1-wT/V12xbuFj5T7Mg8FT12ysOrc4="
    },
    "react-select": {
      "version": "1.0.0-rc.5",
      "resolved": "https://registry.npmjs.org/react-select/-/react-select-1.0.0-rc.5.tgz",
      "integrity": "sha1-nTFvJSsa3Dct21zfHxGca3z9tdY="
    },
    "react-tooltip": {
      "version": "3.3.0",
      "resolved": "https://registry.npmjs.org/react-tooltip/-/react-tooltip-3.3.0.tgz",
      "integrity": "sha1-UcCK4CIQdeLEPYPNR/x4RmYS330="
    },
    "react-transition-group": {
      "version": "1.2.0",
      "resolved": "https://registry.npmjs.org/react-transition-group/-/react-transition-group-1.2.0.tgz",
      "integrity": "sha1-tR/JIbDDg1p+98Vxx5/ILHPpIE8="
    },
    "reactstrap": {
      "version": "4.6.2",
      "resolved": "https://registry.npmjs.org/reactstrap/-/reactstrap-4.6.2.tgz",
      "integrity": "sha1-luTN2vHHOSPnAeIWszzltHQGJME="
    },
    "recompose": {
      "version": "0.23.5",
      "resolved": "https://registry.npmjs.org/recompose/-/recompose-0.23.5.tgz",
      "integrity": "sha1-cqyCYSRr7DeCNdGHRn0CpyHosd4="
    },
    "redux": {
      "version": "3.7.0",
      "resolved": "https://registry.npmjs.org/redux/-/redux-3.7.0.tgz",
      "integrity": "sha1-B6Yjyv2S7uir4wnRPRZTj2cHkm8="
    },
    "redux-actions": {
      "version": "2.0.3",
      "resolved": "https://registry.npmjs.org/redux-actions/-/redux-actions-2.0.3.tgz",
      "integrity": "sha1-FVCrqd7xeRZszSNNB2chBKc22Ik="
    },
    "redux-auth-wrapper": {
      "version": "1.1.0",
      "resolved": "https://registry.npmjs.org/redux-auth-wrapper/-/redux-auth-wrapper-1.1.0.tgz",
      "integrity": "sha1-zNSnU/4hNOuTxE9OV4EFRXf2JEo=",
      "dependencies": {
        "prop-types": {
          "version": "https://registry.npmjs.org/prop-types/-/prop-types-15.5.8.tgz",
          "integrity": "sha1-a3suFBCDvjjIWVqlH8VXdccZk5Q="
        }
      }
    },
    "redux-devtools-extension": {
      "version": "2.13.2",
      "resolved": "https://registry.npmjs.org/redux-devtools-extension/-/redux-devtools-extension-2.13.2.tgz",
      "integrity": "sha1-4Pmo6N/KfBe+kscSSVijuU6ykR0="
    },
    "redux-thunk": {
      "version": "2.2.0",
      "resolved": "https://registry.npmjs.org/redux-thunk/-/redux-thunk-2.2.0.tgz",
      "integrity": "sha1-5hWhbha0ehmlFXZhM9Hj6Zt4UuU="
    },
    "reselect": {
      "version": "3.0.1",
      "resolved": "https://registry.npmjs.org/reselect/-/reselect-3.0.1.tgz",
      "integrity": "sha1-79qpjqdFEyTQkrKyFjpqHXqaIUc="
    },
    "semantic-ui-css": {
      "version": "2.2.10",
      "resolved": "https://registry.npmjs.org/semantic-ui-css/-/semantic-ui-css-2.2.10.tgz",
      "integrity": "sha1-+PRHDb7/yg8PP/T7caNcceiK2Jw="
    },
    "semantic-ui-react": {
      "version": "0.68.5",
      "resolved": "https://registry.npmjs.org/semantic-ui-react/-/semantic-ui-react-0.68.5.tgz",
      "integrity": "sha1-F5u4nDh/gRcCbKAfboSQ2x/Y5xM=",
      "dependencies": {
        "prop-types": {
          "version": "https://registry.npmjs.org/prop-types/-/prop-types-15.5.8.tgz",
          "integrity": "sha1-a3suFBCDvjjIWVqlH8VXdccZk5Q="
        }
      }
    },
    "styled-components": {
      "version": "1.4.6",
      "resolved": "https://registry.npmjs.org/styled-components/-/styled-components-1.4.6.tgz",
      "integrity": "sha1-WPMuimq1EPsUgekB6DjgR38UiwY="
    }
  }
}
